
Microsoft Visual Studio Solution File, Format Version 12.00
# Visual Studio Version 17
VisualStudioVersion = 17.10.34928.147
MinimumVisualStudioVersion = 10.0.40219.1
Project("{FAE04EC0-301F-11D3-BF4B-00C04F79EFBC}") = "regig", "regig\regig.csproj", "{6898393C-B249-4E0E-A525-9E3AC0379A8C}"
EndProject
Project("{FAE04EC0-301F-11D3-BF4B-00C04F79EFBC}") = "regbmig", "regbmig\regbmig.csproj", "{6B4ED77A-AE7A-4673-B206-6650844F2F73}"
EndProject
Global
	GlobalSection(SolutionConfigurationPlatforms) = preSolution
		Debug|Any CPU = Debug|Any CPU
		Release|Any CPU = Release|Any CPU
	EndGlobalSection
	GlobalSection(ProjectConfigurationPlatforms) = postSolution
		{6898393C-B249-4E0E-A525-9E3AC0379A8C}.Debug|Any CPU.ActiveCfg = Debug|Any CPU
		{6898393C-B249-4E0E-A525-9E3AC0379A8C}.Debug|Any CPU.Build.0 = Debug|Any CPU
		{6898393C-B249-4E0E-A525-9E3AC0379A8C}.Release|Any CPU.ActiveCfg = Release|Any CPU
		{6898393C-B249-4E0E-A525-9E3AC0379A8C}.Release|Any CPU.Build.0 = Release|Any CPU
		{6B4ED77A-AE7A-4673-B206-6650844F2F73}.Debug|Any CPU.ActiveCfg = Debug|Any CPU
		{6B4ED77A-AE7A-4673-B206-6650844F2F73}.Debug|Any CPU.Build.0 = Debug|Any CPU
		{6B4ED77A-AE7A-4673-B206-6650844F2F73}.Release|Any CPU.ActiveCfg = Release|Any CPU
		{6B4ED77A-AE7A-4673-B206-6650844F2F73}.Release|Any CPU.Build.0 = Release|Any CPU
	EndGlobalSection
	GlobalSection(SolutionProperties) = preSolution
		HideSolutionNode = FALSE
	EndGlobalSection
	GlobalSection(ExtensibilityGlobals) = postSolution
		SolutionGuid = {EE68D062-019B-4DDC-A1DA-798595F80EF8}
	EndGlobalSection
EndGlobal
